{
  "name": "flow-api-ts",
  "lockfileVersion": 3,
  "requires": true,
  "packages": {
    "": {
      "name": "flow-api-ts",
      "dependencies": {
        "@prisma/client": "5.12.1",
        "elysia": "^1.4.18",
        "prisma": "^5.12.1",
        "qs": "^6.12.0"
      },
      "devDependencies": {
        "@types/bun": "*"
      },
      "peerDependencies": {
        "typescript": "^5.0.0"
      }
    },
    "node_modules/@borewit/text-codec": {
      "version": "0.1.1",
      "resolved": "https://registry.npmjs.org/@borewit/text-codec/-/text-codec-0.1.1.tgz",
      "integrity": "sha512-5L/uBxmjaCIX5h8Z+uu+kA9BQLkc/Wl06UGR5ajNRxu+/XjonB5i8JpgFMrPj3LXTCPA0pv8yxUvbUi+QthGGA==",
      "license": "MIT",
      "funding": {
        "type": "github",
        "url": "https://github.com/sponsors/Borewit"
      }
    },
    "node_modules/@prisma/client": {
      "version": "5.12.1",
      "hasInstallScript": true,
      "license": "Apache-2.0",
      "engines": {
        "node": ">=16.13"
      },
      "peerDependencies": {
        "prisma": "*"
      },
      "peerDependenciesMeta": {
        "prisma": {
          "optional": true
        }
      }
    },
    "node_modules/@prisma/debug": {
      "version": "5.12.1",
      "license": "Apache-2.0"
    },
    "node_modules/@prisma/engines": {
      "version": "5.12.1",
      "hasInstallScript": true,
      "license": "Apache-2.0",
      "dependencies": {
        "@prisma/debug": "5.12.1",
        "@prisma/engines-version": "5.12.0-21.473ed3124229e22d881cb7addf559799debae1ab",
        "@prisma/fetch-engine": "5.12.1",
        "@prisma/get-platform": "5.12.1"
      }
    },
    "node_modules/@prisma/engines-version": {
      "version": "5.12.0-21.473ed3124229e22d881cb7addf559799debae1ab",
      "license": "Apache-2.0"
    },
    "node_modules/@prisma/fetch-engine": {
      "version": "5.12.1",
      "license": "Apache-2.0",
      "dependencies": {
        "@prisma/debug": "5.12.1",
        "@prisma/engines-version": "5.12.0-21.473ed3124229e22d881cb7addf559799debae1ab",
        "@prisma/get-platform": "5.12.1"
      }
    },
    "node_modules/@prisma/get-platform": {
      "version": "5.12.1",
      "license": "Apache-2.0",
      "dependencies": {
        "@prisma/debug": "5.12.1"
      }
    },
    "node_modules/@sinclair/typebox": {
      "version": "0.34.41",
      "resolved": "https://registry.npmjs.org/@sinclair/typebox/-/typebox-0.34.41.tgz",
      "integrity": "sha512-6gS8pZzSXdyRHTIqoqSVknxolr1kzfy4/CeDnrzsVz8TTIWUbOBr6gnzOmTYJ3eXQNh4IYHIGi5aIL7sOZ2G/g==",
      "license": "MIT",
      "peer": true
    },
    "node_modules/@tokenizer/inflate": {
      "version": "0.4.1",
      "resolved": "https://registry.npmjs.org/@tokenizer/inflate/-/inflate-0.4.1.tgz",
      "integrity": "sha512-2mAv+8pkG6GIZiF1kNg1jAjh27IDxEPKwdGul3snfztFerfPGI1LjDezZp3i7BElXompqEtPmoPx6c2wgtWsOA==",
      "license": "MIT",
      "dependencies": {
        "debug": "^4.4.3",
        "token-types": "^6.1.1"
      },
      "engines": {
        "node": ">=18"
      },
      "funding": {
        "type": "github",
        "url": "https://github.com/sponsors/Borewit"
      }
    },
    "node_modules/@tokenizer/token": {
      "version": "0.3.0",
      "resolved": "https://registry.npmjs.org/@tokenizer/token/-/token-0.3.0.tgz",
      "integrity": "sha512-OvjF+z51L3ov0OyAU0duzsYuvO01PH7x4t6DJx+guahgTnBHkhJdG7soQeTSFLWN3efnHyibZ4Z8l2EuWwJN3A==",
      "license": "MIT"
    },
    "node_modules/@types/bun": {
      "version": "1.3.4",
      "resolved": "https://registry.npmjs.org/@types/bun/-/bun-1.3.4.tgz",
      "integrity": "sha512-EEPTKXHP+zKGPkhRLv+HI0UEX8/o+65hqARxLy8Ov5rIxMBPNTjeZww00CIihrIQGEQBYg+0roO5qOnS/7boGA==",
      "devOptional": true,
      "license": "MIT",
      "peer": true,
      "dependencies": {
        "bun-types": "1.3.4"
      }
    },
    "node_modules/@types/node": {
      "version": "24.10.2",
      "resolved": "https://registry.npmjs.org/@types/node/-/node-24.10.2.tgz",
      "integrity": "sha512-WOhQTZ4G8xZ1tjJTvKOpyEVSGgOTvJAfDK3FNFgELyaTpzhdgHVHeqW8V+UJvzF5BT+/B54T/1S2K6gd9c7bbA==",
      "devOptional": true,
      "license": "MIT",
      "dependencies": {
        "undici-types": "~7.16.0"
      }
    },
    "node_modules/bun-types": {
      "version": "1.3.4",
      "resolved": "https://registry.npmjs.org/bun-types/-/bun-types-1.3.4.tgz",
      "integrity": "sha512-5ua817+BZPZOlNaRgGBpZJOSAQ9RQ17pkwPD0yR7CfJg+r8DgIILByFifDTa+IPDDxzf5VNhtNlcKqFzDgJvlQ==",
      "devOptional": true,
      "license": "MIT",
      "dependencies": {
        "@types/node": "*"
      }
    },
    "node_modules/call-bind": {
      "version": "1.0.7",
      "license": "MIT",
      "dependencies": {
        "es-define-property": "^1.0.0",
        "es-errors": "^1.3.0",
        "function-bind": "^1.1.2",
        "get-intrinsic": "^1.2.4",
        "set-function-length": "^1.2.1"
      },
      "engines": {
        "node": ">= 0.4"
      },
      "funding": {
        "url": "https://github.com/sponsors/ljharb"
      }
    },
    "node_modules/cookie": {
      "version": "1.1.1",
      "resolved": "https://registry.npmjs.org/cookie/-/cookie-1.1.1.tgz",
      "integrity": "sha512-ei8Aos7ja0weRpFzJnEA9UHJ/7XQmqglbRwnf2ATjcB9Wq874VKH9kfjjirM6UhU2/E5fFYadylyhFldcqSidQ==",
      "license": "MIT",
      "engines": {
        "node": ">=18"
      },
      "funding": {
        "type": "opencollective",
        "url": "https://opencollective.com/express"
      }
    },
    "node_modules/debug": {
      "version": "4.4.3",
      "resolved": "https://registry.npmjs.org/debug/-/debug-4.4.3.tgz",
      "integrity": "sha512-RGwwWnwQvkVfavKVt22FGLw+xYSdzARwm0ru6DhTVA3umU5hZc28V3kO4stgYryrTlLpuvgI9GiijltAjNbcqA==",
      "license": "MIT",
      "dependencies": {
        "ms": "^2.1.3"
      },
      "engines": {
        "node": ">=6.0"
      },
      "peerDependenciesMeta": {
        "supports-color": {
          "optional": true
        }
      }
    },
    "node_modules/define-data-property": {
      "version": "1.1.4",
      "license": "MIT",
      "dependencies": {
        "es-define-property": "^1.0.0",
        "es-errors": "^1.3.0",
        "gopd": "^1.0.1"
      },
      "engines": {
        "node": ">= 0.4"
      },
      "funding": {
        "url": "https://github.com/sponsors/ljharb"
      }
    },
    "node_modules/elysia": {
      "version": "1.4.18",
      "resolved": "https://registry.npmjs.org/elysia/-/elysia-1.4.18.tgz",
      "integrity": "sha512-A6BhlipmSvgCy69SBgWADYZSdDIj3fT2gk8/9iMAC8iD+aGcnCr0fitziX0xr36MFDs/fsvVp8dWqxeq1VCgKg==",
      "license": "MIT",
      "dependencies": {
        "cookie": "^1.1.1",
        "exact-mirror": "0.2.5",
        "fast-decode-uri-component": "^1.0.1",
        "memoirist": "^0.4.0"
      },
      "peerDependencies": {
        "@sinclair/typebox": ">= 0.34.0 < 1",
        "@types/bun": ">= 1.2.0",
        "exact-mirror": ">= 0.0.9",
        "file-type": ">= 20.0.0",
        "openapi-types": ">= 12.0.0",
        "typescript": ">= 5.0.0"
      },
      "peerDependenciesMeta": {
        "@types/bun": {
          "optional": true
        },
        "typescript": {
          "optional": true
        }
      }
    },
    "node_modules/es-define-property": {
      "version": "1.0.0",
      "license": "MIT",
      "dependencies": {
        "get-intrinsic": "^1.2.4"
      },
      "engines": {
        "node": ">= 0.4"
      }
    },
    "node_modules/es-errors": {
      "version": "1.3.0",
      "license": "MIT",
      "engines": {
        "node": ">= 0.4"
      }
    },
    "node_modules/exact-mirror": {
      "version": "0.2.5",
      "resolved": "https://registry.npmjs.org/exact-mirror/-/exact-mirror-0.2.5.tgz",
      "integrity": "sha512-u8Wu2lO8nio5lKSJubOydsdNtQmH8ENba5m0nbQYmTvsjksXKYIS1nSShdDlO8Uem+kbo+N6eD5I03cpZ+QsRQ==",
      "license": "MIT",
      "peerDependencies": {
        "@sinclair/typebox": "^0.34.15"
      },
      "peerDependenciesMeta": {
        "@sinclair/typebox": {
          "optional": true
        }
      }
    },
    "node_modules/fast-decode-uri-component": {
      "version": "1.0.1",
      "resolved": "https://registry.npmjs.org/fast-decode-uri-component/-/fast-decode-uri-component-1.0.1.tgz",
      "integrity": "sha512-WKgKWg5eUxvRZGwW8FvfbaH7AXSh2cL+3j5fMGzUMCxWBJ3dV3a7Wz8y2f/uQ0e3B6WmodD3oS54jTQ9HVTIIg==",
      "license": "MIT"
    },
    "node_modules/file-type": {
      "version": "21.1.1",
      "resolved": "https://registry.npmjs.org/file-type/-/file-type-21.1.1.tgz",
      "integrity": "sha512-ifJXo8zUqbQ/bLbl9sFoqHNTNWbnPY1COImFfM6CCy7z+E+jC1eY9YfOKkx0fckIg+VljAy2/87T61fp0+eEkg==",
      "license": "MIT",
      "peer": true,
      "dependencies": {
        "@tokenizer/inflate": "^0.4.1",
        "strtok3": "^10.3.4",
        "token-types": "^6.1.1",
        "uint8array-extras": "^1.4.0"
      },
      "engines": {
        "node": ">=20"
      },
      "funding": {
        "url": "https://github.com/sindresorhus/file-type?sponsor=1"
      }
    },
    "node_modules/function-bind": {
      "version": "1.1.2",
      "license": "MIT",
      "funding": {
        "url": "https://github.com/sponsors/ljharb"
      }
    },
    "node_modules/get-intrinsic": {
      "version": "1.2.4",
      "license": "MIT",
      "dependencies": {
        "es-errors": "^1.3.0",
        "function-bind": "^1.1.2",
        "has-proto": "^1.0.1",
        "has-symbols": "^1.0.3",
        "hasown": "^2.0.0"
      },
      "engines": {
        "node": ">= 0.4"
      },
      "funding": {
        "url": "https://github.com/sponsors/ljharb"
      }
    },
    "node_modules/gopd": {
      "version": "1.0.1",
      "license": "MIT",
      "dependencies": {
        "get-intrinsic": "^1.1.3"
      },
      "funding": {
        "url": "https://github.com/sponsors/ljharb"
      }
    },
    "node_modules/has-property-descriptors": {
      "version": "1.0.2",
      "license": "MIT",
      "dependencies": {
        "es-define-property": "^1.0.0"
      },
      "funding": {
        "url": "https://github.com/sponsors/ljharb"
      }
    },
    "node_modules/has-proto": {
      "version": "1.0.3",
      "license": "MIT",
      "engines": {
        "node": ">= 0.4"
      },
      "funding": {
        "url": "https://github.com/sponsors/ljharb"
      }
    },
    "node_modules/has-symbols": {
      "version": "1.0.3",
      "license": "MIT",
      "engines": {
        "node": ">= 0.4"
      },
      "funding": {
        "url": "https://github.com/sponsors/ljharb"
      }
    },
    "node_modules/hasown": {
      "version": "2.0.2",
      "license": "MIT",
      "dependencies": {
        "function-bind": "^1.1.2"
      },
      "engines": {
        "node": ">= 0.4"
      }
    },
    "node_modules/ieee754": {
      "version": "1.2.1",
      "resolved": "https://registry.npmjs.org/ieee754/-/ieee754-1.2.1.tgz",
      "integrity": "sha512-dcyqhDvX1C46lXZcVqCpK+FtMRQVdIMN6/Df5js2zouUsqG7I6sFxitIC+7KYK29KdXOLHdu9zL4sFnoVQnqaA==",
      "funding": [
        {
          "type": "github",
          "url": "https://github.com/sponsors/feross"
        },
        {
          "type": "patreon",
          "url": "https://www.patreon.com/feross"
        },
        {
          "type": "consulting",
          "url": "https://feross.org/support"
        }
      ],
      "license": "BSD-3-Clause"
    },
    "node_modules/memoirist": {
      "version": "0.4.0",
      "resolved": "https://registry.npmjs.org/memoirist/-/memoirist-0.4.0.tgz",
      "integrity": "sha512-zxTgA0mSYELa66DimuNQDvyLq36AwDlTuVRbnQtB+VuTcKWm5Qc4z3WkSpgsFWHNhexqkIooqpv4hdcqrX5Nmg==",
      "license": "MIT"
    },
    "node_modules/ms": {
      "version": "2.1.3",
      "resolved": "https://registry.npmjs.org/ms/-/ms-2.1.3.tgz",
      "integrity": "sha512-6FlzubTLZG3J2a/NVCAleEhjzq5oxgHyaCU9yYXvcLsvoVaHJq/s5xXI6/XXP6tz7R9xAOtHnSO/tXtF3WRTlA==",
      "license": "MIT"
    },
    "node_modules/object-inspect": {
      "version": "1.13.1",
      "license": "MIT",
      "funding": {
        "url": "https://github.com/sponsors/ljharb"
      }
    },
    "node_modules/openapi-types": {
      "version": "12.1.3",
      "license": "MIT",
      "peer": true
    },
    "node_modules/prisma": {
      "version": "5.12.1",
      "hasInstallScript": true,
      "license": "Apache-2.0",
      "peer": true,
      "dependencies": {
        "@prisma/engines": "5.12.1"
      },
      "bin": {
        "prisma": "build/index.js"
      },
      "engines": {
        "node": ">=16.13"
      }
    },
    "node_modules/qs": {
      "version": "6.12.0",
      "resolved": "https://registry.npmjs.org/qs/-/qs-6.12.0.tgz",
      "integrity": "sha512-trVZiI6RMOkO476zLGaBIzszOdFPnCCXHPG9kn0yuS1uz6xdVxPfZdB3vUig9pxPFDM9BRAgz/YUIVQ1/vuiUg==",
      "dependencies": {
        "side-channel": "^1.0.6"
      },
      "engines": {
        "node": ">=0.6"
      },
      "funding": {
        "url": "https://github.com/sponsors/ljharb"
      }
    },
    "node_modules/set-function-length": {
      "version": "1.2.2",
      "license": "MIT",
      "dependencies": {
        "define-data-property": "^1.1.4",
        "es-errors": "^1.3.0",
        "function-bind": "^1.1.2",
        "get-intrinsic": "^1.2.4",
        "gopd": "^1.0.1",
        "has-property-descriptors": "^1.0.2"
      },
      "engines": {
        "node": ">= 0.4"
      }
    },
    "node_modules/side-channel": {
      "version": "1.0.6",
      "license": "MIT",
      "dependencies": {
        "call-bind": "^1.0.7",
        "es-errors": "^1.3.0",
        "get-intrinsic": "^1.2.4",
        "object-inspect": "^1.13.1"
      },
      "engines": {
        "node": ">= 0.4"
      },
      "funding": {
        "url": "https://github.com/sponsors/ljharb"
      }
    },
    "node_modules/strtok3": {
      "version": "10.3.4",
      "resolved": "https://registry.npmjs.org/strtok3/-/strtok3-10.3.4.tgz",
      "integrity": "sha512-KIy5nylvC5le1OdaaoCJ07L+8iQzJHGH6pWDuzS+d07Cu7n1MZ2x26P8ZKIWfbK02+XIL8Mp4RkWeqdUCrDMfg==",
      "license": "MIT",
      "dependencies": {
        "@tokenizer/token": "^0.3.0"
      },
      "engines": {
        "node": ">=18"
      },
      "funding": {
        "type": "github",
        "url": "https://github.com/sponsors/Borewit"
      }
    },
    "node_modules/token-types": {
      "version": "6.1.1",
      "resolved": "https://registry.npmjs.org/token-types/-/token-types-6.1.1.tgz",
      "integrity": "sha512-kh9LVIWH5CnL63Ipf0jhlBIy0UsrMj/NJDfpsy1SqOXlLKEVyXXYrnFxFT1yOOYVGBSApeVnjPw/sBz5BfEjAQ==",
      "license": "MIT",
      "dependencies": {
        "@borewit/text-codec": "^0.1.0",
        "@tokenizer/token": "^0.3.0",
        "ieee754": "^1.2.1"
      },
      "engines": {
        "node": ">=14.16"
      },
      "funding": {
        "type": "github",
        "url": "https://github.com/sponsors/Borewit"
      }
    },
    "node_modules/typescript": {
      "version": "5.4.4",
      "license": "Apache-2.0",
      "peer": true,
      "bin": {
        "tsc": "bin/tsc",
        "tsserver": "bin/tsserver"
      },
      "engines": {
        "node": ">=14.17"
      }
    },
    "node_modules/uint8array-extras": {
      "version": "1.5.0",
      "resolved": "https://registry.npmjs.org/uint8array-extras/-/uint8array-extras-1.5.0.tgz",
      "integrity": "sha512-rvKSBiC5zqCCiDZ9kAOszZcDvdAHwwIKJG33Ykj43OKcWsnmcBRL09YTU4nOeHZ8Y2a7l1MgTd08SBe9A8Qj6A==",
      "license": "MIT",
      "engines": {
        "node": ">=18"
      },
      "funding": {
        "url": "https://github.com/sponsors/sindresorhus"
      }
    },
    "node_modules/undici-types": {
      "version": "7.16.0",
      "resolved": "https://registry.npmjs.org/undici-types/-/undici-types-7.16.0.tgz",
      "integrity": "sha512-Zz+aZWSj8LE6zoxD+xrjh4VfkIG8Ya6LvYkZqtUQGJPZjYl53ypCaUwWqo7eI0x66KBGeRo+mlBEkMSeSZ38Nw==",
      "devOptional": true,
      "license": "MIT"
    }
  }
}
